
Microsoft Visual Studio Solution File, Format Version 12.00
# Visual Studio Version 17
VisualStudioVersion = 17.11.35222.181
MinimumVisualStudioVersion = 10.0.40219.1
Project("{FAE04EC0-301F-11D3-BF4B-00C04F79EFBC}") = "LR1_1", "LR1_1\LR1_1.csproj", "{263AFE22-BFCE-402B-92A2-8FD04EA970E9}"
EndProject
Global
	GlobalSection(SolutionConfigurationPlatforms) = preSolution
		Debug|Any CPU = Debug|Any CPU
		Release|Any CPU = Release|Any CPU
	EndGlobalSection
	GlobalSection(ProjectConfigurationPlatforms) = postSolution
		{263AFE22-BFCE-402B-92A2-8FD04EA970E9}.Debug|Any CPU.ActiveCfg = Debug|Any CPU
		{263AFE22-BFCE-402B-92A2-8FD04EA970E9}.Debug|Any CPU.Build.0 = Debug|Any CPU
		{263AFE22-BFCE-402B-92A2-8FD04EA970E9}.Release|Any CPU.ActiveCfg = Release|Any CPU
		{263AFE22-BFCE-402B-92A2-8FD04EA970E9}.Release|Any CPU.Build.0 = Release|Any CPU
	EndGlobalSection
	GlobalSection(SolutionProperties) = preSolution
		HideSolutionNode = FALSE
	EndGlobalSection
	GlobalSection(ExtensibilityGlobals) = postSolution
		SolutionGuid = {506DA5E5-7736-48EC-A45C-C4A96A3C4E8C}
	EndGlobalSection
EndGlobal
